
Microsoft Visual Studio Solution File, Format Version 12.00
# Visual Studio Version 16
VisualStudioVersion = 16.0.32126.315
MinimumVisualStudioVersion = 10.0.40219.1
Project("{9A19103F-16F7-4668-BE54-9A1E7A4F7556}") = "WebApi", "WebApi\WebApi.csproj", "{ABD55866-068F-4FC7-852A-E37B93B170D8}"
EndProject
Project("{FAE04EC0-301F-11D3-BF4B-00C04F79EFBC}") = "GoLiveApplication", "GoLiveApplication\GoLiveApplication.csproj", "{C4F2EDCF-3F76-4A71-B1E6-1BF2571DFB04}"
EndProject
Global
	GlobalSection(SolutionConfigurationPlatforms) = preSolution
		Debug|Any CPU = Debug|Any CPU
		Release|Any CPU = Release|Any CPU
	EndGlobalSection
	GlobalSection(ProjectConfigurationPlatforms) = postSolution
		{ABD55866-068F-4FC7-852A-E37B93B170D8}.Debug|Any CPU.ActiveCfg = Debug|Any CPU
		{ABD55866-068F-4FC7-852A-E37B93B170D8}.Debug|Any CPU.Build.0 = Debug|Any CPU
		{ABD55866-068F-4FC7-852A-E37B93B170D8}.Release|Any CPU.ActiveCfg = Release|Any CPU
		{ABD55866-068F-4FC7-852A-E37B93B170D8}.Release|Any CPU.Build.0 = Release|Any CPU
		{C4F2EDCF-3F76-4A71-B1E6-1BF2571DFB04}.Debug|Any CPU.ActiveCfg = Debug|Any CPU
		{C4F2EDCF-3F76-4A71-B1E6-1BF2571DFB04}.Debug|Any CPU.Build.0 = Debug|Any CPU
		{C4F2EDCF-3F76-4A71-B1E6-1BF2571DFB04}.Release|Any CPU.ActiveCfg = Release|Any CPU
		{C4F2EDCF-3F76-4A71-B1E6-1BF2571DFB04}.Release|Any CPU.Build.0 = Release|Any CPU
	EndGlobalSection
	GlobalSection(SolutionProperties) = preSolution
		HideSolutionNode = FALSE
	EndGlobalSection
	GlobalSection(ExtensibilityGlobals) = postSolution
		SolutionGuid = {9ABC8D53-B561-4376-8E57-B979F2FBCE08}
	EndGlobalSection
EndGlobal
